
Microsoft Visual Studio Solution File, Format Version 12.00
# Visual Studio Version 16
VisualStudioVersion = 16.0.29306.81
MinimumVisualStudioVersion = 10.0.40219.1
Project("{FAE04EC0-301F-11D3-BF4B-00C04F79EFBC}") = "TowerDefenseMobile.UWP", "TowerDefenseMobile\TowerDefenseMobile.UWP\TowerDefenseMobile.UWP.csproj", "{6C2C2E8B-87A5-4236-9DD3-77D8241EE4FC}"
EndProject
Project("{FAE04EC0-301F-11D3-BF4B-00C04F79EFBC}") = "TowerDefenseMobile.Android", "TowerDefenseMobile\TowerDefenseMobile.Android\TowerDefenseMobile.Android.csproj", "{B4F0D68E-4169-4F97-AEA8-E239BFA28520}"
EndProject
Project("{FAE04EC0-301F-11D3-BF4B-00C04F79EFBC}") = "TowerDefenseMobile.iOS", "TowerDefenseMobile\TowerDefenseMobile.iOS\TowerDefenseMobile.iOS.csproj", "{EA2AC26C-7AF5-4FA5-AE2B-2766BD4259DE}"
EndProject
Project("{9A19103F-16F7-4668-BE54-9A1E7A4F7556}") = "TowerDefenseMobile", "TowerDefenseMobile\TowerDefenseMobile\TowerDefenseMobile.csproj", "{6CDFB5B8-FA58-4BC9-9BD4-5E041565C619}"
EndProject
Project("{FAE04EC0-301F-11D3-BF4B-00C04F79EFBC}") = "TowerDefenseLibrary", "TowerDefenseLibrary\TowerDefenseLibrary.csproj", "{E7DA8EAD-5BDB-4126-8AE6-3B3C0F1C89E9}"
EndProject
Project("{FAE04EC0-301F-11D3-BF4B-00C04F79EFBC}") = "TowerDefenseGUI", "TowerDefenseGUI\TowerDefenseGUI.csproj", "{9CA71C3A-B230-410D-A3A1-3635B8AA35F7}"
EndProject
Global
	GlobalSection(SolutionConfigurationPlatforms) = preSolution
		Debug|Any CPU = Debug|Any CPU
		Debug|ARM = Debug|ARM
		Debug|iPhone = Debug|iPhone
		Debug|iPhoneSimulator = Debug|iPhoneSimulator
		Debug|x64 = Debug|x64
		Debug|x86 = Debug|x86
		Release|Any CPU = Release|Any CPU
		Release|ARM = Release|ARM
		Release|iPhone = Release|iPhone
		Release|iPhoneSimulator = Release|iPhoneSimulator
		Release|x64 = Release|x64
		Release|x86 = Release|x86
	EndGlobalSection
	GlobalSection(ProjectConfigurationPlatforms) = postSolution
		{6C2C2E8B-87A5-4236-9DD3-77D8241EE4FC}.Debug|Any CPU.ActiveCfg = Debug|x86
		{6C2C2E8B-87A5-4236-9DD3-77D8241EE4FC}.Debug|ARM.ActiveCfg = Debug|ARM
		{6C2C2E8B-87A5-4236-9DD3-77D8241EE4FC}.Debug|ARM.Build.0 = Debug|ARM
		{6C2C2E8B-87A5-4236-9DD3-77D8241EE4FC}.Debug|ARM.Deploy.0 = Debug|ARM
		{6C2C2E8B-87A5-4236-9DD3-77D8241EE4FC}.Debug|iPhone.ActiveCfg = Debug|x86
		{6C2C2E8B-87A5-4236-9DD3-77D8241EE4FC}.Debug|iPhoneSimulator.ActiveCfg = Debug|x86
		{6C2C2E8B-87A5-4236-9DD3-77D8241EE4FC}.Debug|x64.ActiveCfg = Debug|x64
		{6C2C2E8B-87A5-4236-9DD3-77D8241EE4FC}.Debug|x64.Build.0 = Debug|x64
		{6C2C2E8B-87A5-4236-9DD3-77D8241EE4FC}.Debug|x64.Deploy.0 = Debug|x64
		{6C2C2E8B-87A5-4236-9DD3-77D8241EE4FC}.Debug|x86.ActiveCfg = Debug|x86
		{6C2C2E8B-87A5-4236-9DD3-77D8241EE4FC}.Debug|x86.Build.0 = Debug|x86
		{6C2C2E8B-87A5-4236-9DD3-77D8241EE4FC}.Debug|x86.Deploy.0 = Debug|x86
		{6C2C2E8B-87A5-4236-9DD3-77D8241EE4FC}.Release|Any CPU.ActiveCfg = Release|x86
		{6C2C2E8B-87A5-4236-9DD3-77D8241EE4FC}.Release|ARM.ActiveCfg = Release|ARM
		{6C2C2E8B-87A5-4236-9DD3-77D8241EE4FC}.Release|ARM.Build.0 = Release|ARM
		{6C2C2E8B-87A5-4236-9DD3-77D8241EE4FC}.Release|ARM.Deploy.0 = Release|ARM
		{6C2C2E8B-87A5-4236-9DD3-77D8241EE4FC}.Release|iPhone.ActiveCfg = Release|x86
		{6C2C2E8B-87A5-4236-9DD3-77D8241EE4FC}.Release|iPhoneSimulator.ActiveCfg = Release|x86
		{6C2C2E8B-87A5-4236-9DD3-77D8241EE4FC}.Release|x64.ActiveCfg = Release|x64
		{6C2C2E8B-87A5-4236-9DD3-77D8241EE4FC}.Release|x64.Build.0 = Release|x64
		{6C2C2E8B-87A5-4236-9DD3-77D8241EE4FC}.Release|x64.Deploy.0 = Release|x64
		{6C2C2E8B-87A5-4236-9DD3-77D8241EE4FC}.Release|x86.ActiveCfg = Release|x86
		{6C2C2E8B-87A5-4236-9DD3-77D8241EE4FC}.Release|x86.Build.0 = Release|x86
		{6C2C2E8B-87A5-4236-9DD3-77D8241EE4FC}.Release|x86.Deploy.0 = Release|x86
		{B4F0D68E-4169-4F97-AEA8-E239BFA28520}.Debug|Any CPU.ActiveCfg = Debug|Any CPU
		{B4F0D68E-4169-4F97-AEA8-E239BFA28520}.Debug|Any CPU.Build.0 = Debug|Any CPU
		{B4F0D68E-4169-4F97-AEA8-E239BFA28520}.Debug|Any CPU.Deploy.0 = Debug|Any CPU
		{B4F0D68E-4169-4F97-AEA8-E239BFA28520}.Debug|ARM.ActiveCfg = Debug|Any CPU
		{B4F0D68E-4169-4F97-AEA8-E239BFA28520}.Debug|ARM.Build.0 = Debug|Any CPU
		{B4F0D68E-4169-4F97-AEA8-E239BFA28520}.Debug|ARM.Deploy.0 = Debug|Any CPU
		{B4F0D68E-4169-4F97-AEA8-E239BFA28520}.Debug|iPhone.ActiveCfg = Debug|Any CPU
		{B4F0D68E-4169-4F97-AEA8-E239BFA28520}.Debug|iPhone.Build.0 = Debug|Any CPU
		{B4F0D68E-4169-4F97-AEA8-E239BFA28520}.Debug|iPhone.Deploy.0 = Debug|Any CPU
		{B4F0D68E-4169-4F97-AEA8-E239BFA28520}.Debug|iPhoneSimulator.ActiveCfg = Debug|Any CPU
		{B4F0D68E-4169-4F97-AEA8-E239BFA28520}.Debug|iPhoneSimulator.Build.0 = Debug|Any CPU
		{B4F0D68E-4169-4F97-AEA8-E239BFA28520}.Debug|iPhoneSimulator.Deploy.0 = Debug|Any CPU
		{B4F0D68E-4169-4F97-AEA8-E239BFA28520}.Debug|x64.ActiveCfg = Debug|Any CPU
		{B4F0D68E-4169-4F97-AEA8-E239BFA28520}.Debug|x64.Build.0 = Debug|Any CPU
		{B4F0D68E-4169-4F97-AEA8-E239BFA28520}.Debug|x64.Deploy.0 = Debug|Any CPU
		{B4F0D68E-4169-4F97-AEA8-E239BFA28520}.Debug|x86.ActiveCfg = Debug|Any CPU
		{B4F0D68E-4169-4F97-AEA8-E239BFA28520}.Debug|x86.Build.0 = Debug|Any CPU
		{B4F0D68E-4169-4F97-AEA8-E239BFA28520}.Debug|x86.Deploy.0 = Debug|Any CPU
		{B4F0D68E-4169-4F97-AEA8-E239BFA28520}.Release|Any CPU.ActiveCfg = Release|Any CPU
		{B4F0D68E-4169-4F97-AEA8-E239BFA28520}.Release|Any CPU.Build.0 = Release|Any CPU
		{B4F0D68E-4169-4F97-AEA8-E239BFA28520}.Release|Any CPU.Deploy.0 = Release|Any CPU
		{B4F0D68E-4169-4F97-AEA8-E239BFA28520}.Release|ARM.ActiveCfg = Release|Any CPU
		{B4F0D68E-4169-4F97-AEA8-E239BFA28520}.Release|ARM.Build.0 = Release|Any CPU
		{B4F0D68E-4169-4F97-AEA8-E239BFA28520}.Release|ARM.Deploy.0 = Release|Any CPU
		{B4F0D68E-4169-4F97-AEA8-E239BFA28520}.Release|iPhone.ActiveCfg = Release|Any CPU
		{B4F0D68E-4169-4F97-AEA8-E239BFA28520}.Release|iPhone.Build.0 = Release|Any CPU
		{B4F0D68E-4169-4F97-AEA8-E239BFA28520}.Release|iPhone.Deploy.0 = Release|Any CPU
		{B4F0D68E-4169-4F97-AEA8-E239BFA28520}.Release|iPhoneSimulator.ActiveCfg = Release|Any CPU
		{B4F0D68E-4169-4F97-AEA8-E239BFA28520}.Release|iPhoneSimulator.Build.0 = Release|Any CPU
		{B4F0D68E-4169-4F97-AEA8-E239BFA28520}.Release|iPhoneSimulator.Deploy.0 = Release|Any CPU
		{B4F0D68E-4169-4F97-AEA8-E239BFA28520}.Release|x64.ActiveCfg = Release|Any CPU
		{B4F0D68E-4169-4F97-AEA8-E239BFA28520}.Release|x64.Build.0 = Release|Any CPU
		{B4F0D68E-4169-4F97-AEA8-E239BFA28520}.Release|x64.Deploy.0 = Release|Any CPU
		{B4F0D68E-4169-4F97-AEA8-E239BFA28520}.Release|x86.ActiveCfg = Release|Any CPU
		{B4F0D68E-4169-4F97-AEA8-E239BFA28520}.Release|x86.Build.0 = Release|Any CPU
		{B4F0D68E-4169-4F97-AEA8-E239BFA28520}.Release|x86.Deploy.0 = Release|Any CPU
		{EA2AC26C-7AF5-4FA5-AE2B-2766BD4259DE}.Debug|Any CPU.ActiveCfg = Debug|iPhone
		{EA2AC26C-7AF5-4FA5-AE2B-2766BD4259DE}.Debug|ARM.ActiveCfg = Debug|iPhone
		{EA2AC26C-7AF5-4FA5-AE2B-2766BD4259DE}.Debug|iPhone.ActiveCfg = Debug|iPhone
		{EA2AC26C-7AF5-4FA5-AE2B-2766BD4259DE}.Debug|iPhone.Build.0 = Debug|iPhone
		{EA2AC26C-7AF5-4FA5-AE2B-2766BD4259DE}.Debug|iPhoneSimulator.ActiveCfg = Debug|iPhoneSimulator
		{EA2AC26C-7AF5-4FA5-AE2B-2766BD4259DE}.Debug|iPhoneSimulator.Build.0 = Debug|iPhoneSimulator
		{EA2AC26C-7AF5-4FA5-AE2B-2766BD4259DE}.Debug|x64.ActiveCfg = Debug|iPhone
		{EA2AC26C-7AF5-4FA5-AE2B-2766BD4259DE}.Debug|x86.ActiveCfg = Debug|iPhone
		{EA2AC26C-7AF5-4FA5-AE2B-2766BD4259DE}.Release|Any CPU.ActiveCfg = Release|iPhone
		{EA2AC26C-7AF5-4FA5-AE2B-2766BD4259DE}.Release|ARM.ActiveCfg = Release|iPhone
		{EA2AC26C-7AF5-4FA5-AE2B-2766BD4259DE}.Release|iPhone.ActiveCfg = Release|iPhone
		{EA2AC26C-7AF5-4FA5-AE2B-2766BD4259DE}.Release|iPhone.Build.0 = Release|iPhone
		{EA2AC26C-7AF5-4FA5-AE2B-2766BD4259DE}.Release|iPhoneSimulator.ActiveCfg = Release|iPhoneSimulator
		{EA2AC26C-7AF5-4FA5-AE2B-2766BD4259DE}.Release|iPhoneSimulator.Build.0 = Release|iPhoneSimulator
		{EA2AC26C-7AF5-4FA5-AE2B-2766BD4259DE}.Release|x64.ActiveCfg = Release|iPhone
		{EA2AC26C-7AF5-4FA5-AE2B-2766BD4259DE}.Release|x86.ActiveCfg = Release|iPhone
		{6CDFB5B8-FA58-4BC9-9BD4-5E041565C619}.Debug|Any CPU.ActiveCfg = Debug|Any CPU
		{6CDFB5B8-FA58-4BC9-9BD4-5E041565C619}.Debug|Any CPU.Build.0 = Debug|Any CPU
		{6CDFB5B8-FA58-4BC9-9BD4-5E041565C619}.Debug|ARM.ActiveCfg = Debug|Any CPU
		{6CDFB5B8-FA58-4BC9-9BD4-5E041565C619}.Debug|ARM.Build.0 = Debug|Any CPU
		{6CDFB5B8-FA58-4BC9-9BD4-5E041565C619}.Debug|iPhone.ActiveCfg = Debug|Any CPU
		{6CDFB5B8-FA58-4BC9-9BD4-5E041565C619}.Debug|iPhone.Build.0 = Debug|Any CPU
		{6CDFB5B8-FA58-4BC9-9BD4-5E041565C619}.Debug|iPhoneSimulator.ActiveCfg = Debug|Any CPU
		{6CDFB5B8-FA58-4BC9-9BD4-5E041565C619}.Debug|iPhoneSimulator.Build.0 = Debug|Any CPU
		{6CDFB5B8-FA58-4BC9-9BD4-5E041565C619}.Debug|x64.ActiveCfg = Debug|Any CPU
		{6CDFB5B8-FA58-4BC9-9BD4-5E041565C619}.Debug|x64.Build.0 = Debug|Any CPU
		{6CDFB5B8-FA58-4BC9-9BD4-5E041565C619}.Debug|x86.ActiveCfg = Debug|Any CPU
		{6CDFB5B8-FA58-4BC9-9BD4-5E041565C619}.Debug|x86.Build.0 = Debug|Any CPU
		{6CDFB5B8-FA58-4BC9-9BD4-5E041565C619}.Release|Any CPU.ActiveCfg = Release|Any CPU
		{6CDFB5B8-FA58-4BC9-9BD4-5E041565C619}.Release|Any CPU.Build.0 = Release|Any CPU
		{6CDFB5B8-FA58-4BC9-9BD4-5E041565C619}.Release|ARM.ActiveCfg = Release|Any CPU
		{6CDFB5B8-FA58-4BC9-9BD4-5E041565C619}.Release|ARM.Build.0 = Release|Any CPU
		{6CDFB5B8-FA58-4BC9-9BD4-5E041565C619}.Release|iPhone.ActiveCfg = Release|Any CPU
		{6CDFB5B8-FA58-4BC9-9BD4-5E041565C619}.Release|iPhone.Build.0 = Release|Any CPU
		{6CDFB5B8-FA58-4BC9-9BD4-5E041565C619}.Release|iPhoneSimulator.ActiveCfg = Release|Any CPU
		{6CDFB5B8-FA58-4BC9-9BD4-5E041565C619}.Release|iPhoneSimulator.Build.0 = Release|Any CPU
		{6CDFB5B8-FA58-4BC9-9BD4-5E041565C619}.Release|x64.ActiveCfg = Release|Any CPU
		{6CDFB5B8-FA58-4BC9-9BD4-5E041565C619}.Release|x64.Build.0 = Release|Any CPU
		{6CDFB5B8-FA58-4BC9-9BD4-5E041565C619}.Release|x86.ActiveCfg = Release|Any CPU
		{6CDFB5B8-FA58-4BC9-9BD4-5E041565C619}.Release|x86.Build.0 = Release|Any CPU
		{E7DA8EAD-5BDB-4126-8AE6-3B3C0F1C89E9}.Debug|Any CPU.ActiveCfg = Debug|Any CPU
		{E7DA8EAD-5BDB-4126-8AE6-3B3C0F1C89E9}.Debug|Any CPU.Build.0 = Debug|Any CPU
		{E7DA8EAD-5BDB-4126-8AE6-3B3C0F1C89E9}.Debug|ARM.ActiveCfg = Debug|Any CPU
		{E7DA8EAD-5BDB-4126-8AE6-3B3C0F1C89E9}.Debug|ARM.Build.0 = Debug|Any CPU
		{E7DA8EAD-5BDB-4126-8AE6-3B3C0F1C89E9}.Debug|iPhone.ActiveCfg = Debug|Any CPU
		{E7DA8EAD-5BDB-4126-8AE6-3B3C0F1C89E9}.Debug|iPhone.Build.0 = Debug|Any CPU
		{E7DA8EAD-5BDB-4126-8AE6-3B3C0F1C89E9}.Debug|iPhoneSimulator.ActiveCfg = Debug|Any CPU
		{E7DA8EAD-5BDB-4126-8AE6-3B3C0F1C89E9}.Debug|iPhoneSimulator.Build.0 = Debug|Any CPU
		{E7DA8EAD-5BDB-4126-8AE6-3B3C0F1C89E9}.Debug|x64.ActiveCfg = Debug|Any CPU
		{E7DA8EAD-5BDB-4126-8AE6-3B3C0F1C89E9}.Debug|x64.Build.0 = Debug|Any CPU
		{E7DA8EAD-5BDB-4126-8AE6-3B3C0F1C89E9}.Debug|x86.ActiveCfg = Debug|Any CPU
		{E7DA8EAD-5BDB-4126-8AE6-3B3C0F1C89E9}.Debug|x86.Build.0 = Debug|Any CPU
		{E7DA8EAD-5BDB-4126-8AE6-3B3C0F1C89E9}.Release|Any CPU.ActiveCfg = Release|Any CPU
		{E7DA8EAD-5BDB-4126-8AE6-3B3C0F1C89E9}.Release|Any CPU.Build.0 = Release|Any CPU
		{E7DA8EAD-5BDB-4126-8AE6-3B3C0F1C89E9}.Release|ARM.ActiveCfg = Release|Any CPU
		{E7DA8EAD-5BDB-4126-8AE6-3B3C0F1C89E9}.Release|ARM.Build.0 = Release|Any CPU
		{E7DA8EAD-5BDB-4126-8AE6-3B3C0F1C89E9}.Release|iPhone.ActiveCfg = Release|Any CPU
		{E7DA8EAD-5BDB-4126-8AE6-3B3C0F1C89E9}.Release|iPhone.Build.0 = Release|Any CPU
		{E7DA8EAD-5BDB-4126-8AE6-3B3C0F1C89E9}.Release|iPhoneSimulator.ActiveCfg = Release|Any CPU
		{E7DA8EAD-5BDB-4126-8AE6-3B3C0F1C89E9}.Release|iPhoneSimulator.Build.0 = Release|Any CPU
		{E7DA8EAD-5BDB-4126-8AE6-3B3C0F1C89E9}.Release|x64.ActiveCfg = Release|Any CPU
		{E7DA8EAD-5BDB-4126-8AE6-3B3C0F1C89E9}.Release|x64.Build.0 = Release|Any CPU
		{E7DA8EAD-5BDB-4126-8AE6-3B3C0F1C89E9}.Release|x86.ActiveCfg = Release|Any CPU
		{E7DA8EAD-5BDB-4126-8AE6-3B3C0F1C89E9}.Release|x86.Build.0 = Release|Any CPU
		{9CA71C3A-B230-410D-A3A1-3635B8AA35F7}.Debug|Any CPU.ActiveCfg = Debug|Any CPU
		{9CA71C3A-B230-410D-A3A1-3635B8AA35F7}.Debug|Any CPU.Build.0 = Debug|Any CPU
		{9CA71C3A-B230-410D-A3A1-3635B8AA35F7}.Debug|ARM.ActiveCfg = Debug|Any CPU
		{9CA71C3A-B230-410D-A3A1-3635B8AA35F7}.Debug|ARM.Build.0 = Debug|Any CPU
		{9CA71C3A-B230-410D-A3A1-3635B8AA35F7}.Debug|iPhone.ActiveCfg = Debug|Any CPU
		{9CA71C3A-B230-410D-A3A1-3635B8AA35F7}.Debug|iPhone.Build.0 = Debug|Any CPU
		{9CA71C3A-B230-410D-A3A1-3635B8AA35F7}.Debug|iPhoneSimulator.ActiveCfg = Debug|Any CPU
		{9CA71C3A-B230-410D-A3A1-3635B8AA35F7}.Debug|iPhoneSimulator.Build.0 = Debug|Any CPU
		{9CA71C3A-B230-410D-A3A1-3635B8AA35F7}.Debug|x64.ActiveCfg = Debug|Any CPU
		{9CA71C3A-B230-410D-A3A1-3635B8AA35F7}.Debug|x64.Build.0 = Debug|Any CPU
		{9CA71C3A-B230-410D-A3A1-3635B8AA35F7}.Debug|x86.ActiveCfg = Debug|Any CPU
		{9CA71C3A-B230-410D-A3A1-3635B8AA35F7}.Debug|x86.Build.0 = Debug|Any CPU
		{9CA71C3A-B230-410D-A3A1-3635B8AA35F7}.Release|Any CPU.ActiveCfg = Release|Any CPU
		{9CA71C3A-B230-410D-A3A1-3635B8AA35F7}.Release|Any CPU.Build.0 = Release|Any CPU
		{9CA71C3A-B230-410D-A3A1-3635B8AA35F7}.Release|ARM.ActiveCfg = Release|Any CPU
		{9CA71C3A-B230-410D-A3A1-3635B8AA35F7}.Release|ARM.Build.0 = Release|Any CPU
		{9CA71C3A-B230-410D-A3A1-3635B8AA35F7}.Release|iPhone.ActiveCfg = Release|Any CPU
		{9CA71C3A-B230-410D-A3A1-3635B8AA35F7}.Release|iPhone.Build.0 = Release|Any CPU
		{9CA71C3A-B230-410D-A3A1-3635B8AA35F7}.Release|iPhoneSimulator.ActiveCfg = Release|Any CPU
		{9CA71C3A-B230-410D-A3A1-3635B8AA35F7}.Release|iPhoneSimulator.Build.0 = Release|Any CPU
		{9CA71C3A-B230-410D-A3A1-3635B8AA35F7}.Release|x64.ActiveCfg = Release|Any CPU
		{9CA71C3A-B230-410D-A3A1-3635B8AA35F7}.Release|x64.Build.0 = Release|Any CPU
		{9CA71C3A-B230-410D-A3A1-3635B8AA35F7}.Release|x86.ActiveCfg = Release|Any CPU
		{9CA71C3A-B230-410D-A3A1-3635B8AA35F7}.Release|x86.Build.0 = Release|Any CPU
	EndGlobalSection
	GlobalSection(SolutionProperties) = preSolution
		HideSolutionNode = FALSE
	EndGlobalSection
	GlobalSection(ExtensibilityGlobals) = postSolution
		SolutionGuid = {34772A4F-09C3-476A-BEA0-2BAE71DD03B0}
	EndGlobalSection
EndGlobal
